
Microsoft Visual Studio Solution File, Format Version 12.00
# Visual Studio 15
VisualStudioVersion = 15.0.28307.329
MinimumVisualStudioVersion = 10.0.40219.1
Project("{FAE04EC0-301F-11D3-BF4B-00C04F79EFBC}") = "Avatar.Common", "Avatar.Common\Avatar.Common.csproj", "{868DC2AE-3C1C-49AD-8785-C6D4D8858DA4}"
EndProject
Global
	GlobalSection(SolutionConfigurationPlatforms) = preSolution
		Debug|Any CPU = Debug|Any CPU
		Release|Any CPU = Release|Any CPU
	EndGlobalSection
	GlobalSection(ProjectConfigurationPlatforms) = postSolution
		{868DC2AE-3C1C-49AD-8785-C6D4D8858DA4}.Debug|Any CPU.ActiveCfg = Debug|Any CPU
		{868DC2AE-3C1C-49AD-8785-C6D4D8858DA4}.Debug|Any CPU.Build.0 = Debug|Any CPU
		{868DC2AE-3C1C-49AD-8785-C6D4D8858DA4}.Release|Any CPU.ActiveCfg = Release|Any CPU
		{868DC2AE-3C1C-49AD-8785-C6D4D8858DA4}.Release|Any CPU.Build.0 = Release|Any CPU
	EndGlobalSection
	GlobalSection(SolutionProperties) = preSolution
		HideSolutionNode = FALSE
	EndGlobalSection
	GlobalSection(ExtensibilityGlobals) = postSolution
		SolutionGuid = {46AFE37B-CC5F-438A-B55C-59873C8A4943}
	EndGlobalSection
EndGlobal
